<?xml version="1.0" encoding="utf-8"?>
<Project ToolsVersion="4.0" xmlns="http://schemas.microsoft.com/developer/msbuild/2003">
  <ItemGroup>
    <Filter Include="Common">
      <UniqueIdentifier>{93995380-89BD-4b04-88EB-625FBE52EBFB}</UniqueIdentifier>
      <Extensions>h;hh;hpp;hxx;hm;inl;inc;xsd</Extensions>
    </Filter>
    <Filter Include="TazanServer">
      <UniqueIdentifier>{4FC737F1-C7A5-4376-A066-2A32D752A2FF}</UniqueIdentifier>
      <Extensions>cpp;c;cc;cxx;def;odl;idl;hpj;bat;asm;asmx</Extensions>
    </Filter>
    <Filter Include="Buffer">
      <UniqueIdentifier>{2f00961f-675b-4ba0-a8cc-6dccf0beae90}</UniqueIdentifier>
    </Filter>
    <Filter Include="Lock">
      <UniqueIdentifier>{e19ecaeb-643e-41c0-9730-fad66a3e4713}</UniqueIdentifier>
    </Filter>
    <Filter Include="Packet">
      <UniqueIdentifier>{31e8c179-6a0c-4bcd-9cfe-c544e69f271b}</UniqueIdentifier>
    </Filter>
    <Filter Include="Packet\EchoPacket">
      <UniqueIdentifier>{0aa1e8ab-e251-45a3-b959-4dc2b4c0ebdb}</UniqueIdentifier>
    </Filter>
    <Filter Include="Packet\BroadcastPacket">
      <UniqueIdentifier>{3731084b-b17d-4365-92c2-a5ff00fee68d}</UniqueIdentifier>
    </Filter>
    <Filter Include="Packet\PacketSerializer">
      <UniqueIdentifier>{7d5fb608-c3b7-4c86-9837-a7e3e3d10a2f}</UniqueIdentifier>
    </Filter>
    <Filter Include="Client">
      <UniqueIdentifier>{721056a7-3aa9-4b9c-a95e-49d98ca20ecd}</UniqueIdentifier>
    </Filter>
  </ItemGroup>
  <ItemGroup>
    <Text Include="ReadMe.txt" />
  </ItemGroup>
  <ItemGroup>
    <ClInclude Include="stdafx.h">
      <Filter>Common</Filter>
    </ClInclude>
    <ClInclude Include="targetver.h">
      <Filter>Common</Filter>
    </ClInclude>
    <ClInclude Include="TazanServer.h">
      <Filter>TazanServer</Filter>
    </ClInclude>
    <ClInclude Include="Lock.h">
      <Filter>Lock</Filter>
    </ClInclude>
    <ClInclude Include="Packet.h">
      <Filter>Packet</Filter>
    </ClInclude>
    <ClInclude Include="EchoPacket.h">
      <Filter>Packet\EchoPacket</Filter>
    </ClInclude>
    <ClInclude Include="BroadcastPacket.h">
      <Filter>Packet\BroadcastPacket</Filter>
    </ClInclude>
    <ClInclude Include="PacketSerializer.h">
      <Filter>Packet\PacketSerializer</Filter>
    </ClInclude>
    <ClInclude Include="Client.h">
      <Filter>Client</Filter>
    </ClInclude>
  </ItemGroup>
  <ItemGroup>
    <ClCompile Include="TazanServer.cpp">
      <Filter>TazanServer</Filter>
    </ClCompile>
    <ClCompile Include="stdafx.cpp">
      <Filter>Common</Filter>
    </ClCompile>
    <ClCompile Include="Main.cpp" />
    <ClCompile Include="Lock.cpp">
      <Filter>Lock</Filter>
    </ClCompile>
    <ClCompile Include="Packet.cpp">
      <Filter>Packet</Filter>
    </ClCompile>
    <ClCompile Include="EchoPacket.cpp">
      <Filter>Packet\EchoPacket</Filter>
    </ClCompile>
    <ClCompile Include="BroadcastPacket.cpp">
      <Filter>Packet\BroadcastPacket</Filter>
    </ClCompile>
    <ClCompile Include="PacketSerializer.cpp">
      <Filter>Packet\PacketSerializer</Filter>
    </ClCompile>
    <ClCompile Include="Client.cpp">
      <Filter>Client</Filter>
    </ClCompile>
  </ItemGroup>
</Project>